
Microsoft Visual Studio Solution File, Format Version 12.00
# Visual Studio 14
VisualStudioVersion = 14.0.25420.1
MinimumVisualStudioVersion = 10.0.40219.1
Project("{FAE04EC0-301F-11D3-BF4B-00C04F79EFBC}") = "MovieProject", "MovieProject\MovieProject.csproj", "{084427C3-C4CA-4C64-AB91-B2401C3CABA2}"
EndProject
Global
	GlobalSection(SolutionConfigurationPlatforms) = preSolution
		Debug|Any CPU = Debug|Any CPU
		Release|Any CPU = Release|Any CPU
	EndGlobalSection
	GlobalSection(ProjectConfigurationPlatforms) = postSolution
		{084427C3-C4CA-4C64-AB91-B2401C3CABA2}.Debug|Any CPU.ActiveCfg = Debug|Any CPU
		{084427C3-C4CA-4C64-AB91-B2401C3CABA2}.Debug|Any CPU.Build.0 = Debug|Any CPU
		{084427C3-C4CA-4C64-AB91-B2401C3CABA2}.Release|Any CPU.ActiveCfg = Release|Any CPU
		{084427C3-C4CA-4C64-AB91-B2401C3CABA2}.Release|Any CPU.Build.0 = Release|Any CPU
	EndGlobalSection
	GlobalSection(SolutionProperties) = preSolution
		HideSolutionNode = FALSE
	EndGlobalSection
EndGlobal
